
Microsoft Visual Studio Solution File, Format Version 12.00
# Visual Studio Version 17
VisualStudioVersion = 17.3.32611.2
MinimumVisualStudioVersion = 10.0.40219.1
Project("{2150E333-8FDC-42A3-9474-1A3956D46DE8}") = "Tests", "Tests", "{6EB38F4B-C60E-4E92-8333-29BCEF8808B2}"
EndProject
Project("{9A19103F-16F7-4668-BE54-9A1E7A4F7556}") = "Games", "Games\Games.csproj", "{D3E2FE09-9D0D-411E-9519-9B38F4A3B6F2}"
EndProject
Project("{9A19103F-16F7-4668-BE54-9A1E7A4F7556}") = "GamesTests", "GamesTests\GamesTests.csproj", "{D5E75282-F303-4976-ABF5-360AB5201811}"
EndProject
Project("{FAE04EC0-301F-11D3-BF4B-00C04F79EFBC}") = "DiceRoller", "DiceRoller\DiceRoller.csproj", "{826701B3-3B80-4B5E-8FB2-C9998B43779D}"
EndProject
Global
	GlobalSection(SolutionConfigurationPlatforms) = preSolution
		Debug|Any CPU = Debug|Any CPU
		Release|Any CPU = Release|Any CPU
	EndGlobalSection
	GlobalSection(ProjectConfigurationPlatforms) = postSolution
		{D3E2FE09-9D0D-411E-9519-9B38F4A3B6F2}.Debug|Any CPU.ActiveCfg = Debug|Any CPU
		{D3E2FE09-9D0D-411E-9519-9B38F4A3B6F2}.Debug|Any CPU.Build.0 = Debug|Any CPU
		{D3E2FE09-9D0D-411E-9519-9B38F4A3B6F2}.Release|Any CPU.ActiveCfg = Release|Any CPU
		{D3E2FE09-9D0D-411E-9519-9B38F4A3B6F2}.Release|Any CPU.Build.0 = Release|Any CPU
		{D5E75282-F303-4976-ABF5-360AB5201811}.Debug|Any CPU.ActiveCfg = Debug|Any CPU
		{D5E75282-F303-4976-ABF5-360AB5201811}.Debug|Any CPU.Build.0 = Debug|Any CPU
		{D5E75282-F303-4976-ABF5-360AB5201811}.Release|Any CPU.ActiveCfg = Release|Any CPU
		{D5E75282-F303-4976-ABF5-360AB5201811}.Release|Any CPU.Build.0 = Release|Any CPU
		{826701B3-3B80-4B5E-8FB2-C9998B43779D}.Debug|Any CPU.ActiveCfg = Debug|Any CPU
		{826701B3-3B80-4B5E-8FB2-C9998B43779D}.Debug|Any CPU.Build.0 = Debug|Any CPU
		{826701B3-3B80-4B5E-8FB2-C9998B43779D}.Release|Any CPU.ActiveCfg = Release|Any CPU
		{826701B3-3B80-4B5E-8FB2-C9998B43779D}.Release|Any CPU.Build.0 = Release|Any CPU
	EndGlobalSection
	GlobalSection(SolutionProperties) = preSolution
		HideSolutionNode = FALSE
	EndGlobalSection
	GlobalSection(NestedProjects) = preSolution
		{D5E75282-F303-4976-ABF5-360AB5201811} = {6EB38F4B-C60E-4E92-8333-29BCEF8808B2}
	EndGlobalSection
	GlobalSection(ExtensibilityGlobals) = postSolution
		SolutionGuid = {E9EC8919-BD19-4FF3-A58F-37C3EB45AFC2}
	EndGlobalSection
EndGlobal
